
Microsoft Visual Studio Solution File, Format Version 12.00
# Visual Studio Version 17
VisualStudioVersion = 17.9.34607.119
MinimumVisualStudioVersion = 10.0.40219.1
Project("{FAE04EC0-301F-11D3-BF4B-00C04F79EFBC}") = "Movies", "Movies\Movies.csproj", "{6841A912-C96C-4AEA-BA4C-641C66ADA0B2}"
EndProject
Project("{FAE04EC0-301F-11D3-BF4B-00C04F79EFBC}") = "Movies.Domain", "Movies.Domain\Movies.Domain.csproj", "{CD133473-EE09-4ABB-80E4-1F32CE786B11}"
EndProject
Project("{FAE04EC0-301F-11D3-BF4B-00C04F79EFBC}") = "Movies.DAL", "Movies.DAL\Movies.DAL.csproj", "{5619FF49-F637-4C43-B34A-6B0944523E1A}"
EndProject
Global
	GlobalSection(SolutionConfigurationPlatforms) = preSolution
		Debug|Any CPU = Debug|Any CPU
		Release|Any CPU = Release|Any CPU
	EndGlobalSection
	GlobalSection(ProjectConfigurationPlatforms) = postSolution
		{6841A912-C96C-4AEA-BA4C-641C66ADA0B2}.Debug|Any CPU.ActiveCfg = Debug|Any CPU
		{6841A912-C96C-4AEA-BA4C-641C66ADA0B2}.Debug|Any CPU.Build.0 = Debug|Any CPU
		{6841A912-C96C-4AEA-BA4C-641C66ADA0B2}.Release|Any CPU.ActiveCfg = Release|Any CPU
		{6841A912-C96C-4AEA-BA4C-641C66ADA0B2}.Release|Any CPU.Build.0 = Release|Any CPU
		{CD133473-EE09-4ABB-80E4-1F32CE786B11}.Debug|Any CPU.ActiveCfg = Debug|Any CPU
		{CD133473-EE09-4ABB-80E4-1F32CE786B11}.Debug|Any CPU.Build.0 = Debug|Any CPU
		{CD133473-EE09-4ABB-80E4-1F32CE786B11}.Release|Any CPU.ActiveCfg = Release|Any CPU
		{CD133473-EE09-4ABB-80E4-1F32CE786B11}.Release|Any CPU.Build.0 = Release|Any CPU
		{5619FF49-F637-4C43-B34A-6B0944523E1A}.Debug|Any CPU.ActiveCfg = Debug|Any CPU
		{5619FF49-F637-4C43-B34A-6B0944523E1A}.Debug|Any CPU.Build.0 = Debug|Any CPU
		{5619FF49-F637-4C43-B34A-6B0944523E1A}.Release|Any CPU.ActiveCfg = Release|Any CPU
		{5619FF49-F637-4C43-B34A-6B0944523E1A}.Release|Any CPU.Build.0 = Release|Any CPU
	EndGlobalSection
	GlobalSection(SolutionProperties) = preSolution
		HideSolutionNode = FALSE
	EndGlobalSection
	GlobalSection(ExtensibilityGlobals) = postSolution
		SolutionGuid = {DBA5F7BA-6E3E-4FD9-84AB-0689B6A23AA8}
	EndGlobalSection
EndGlobal
